# THIS IS AN AUTOGENERATED FILE. DO NOT EDIT THIS FILE DIRECTLY.
# yarn lockfile v1


"@mullerstd/prettier-config@^1.0.2":
  version "1.0.2"
  resolved "https://registry.npmjs.org/@mullerstd/prettier-config/-/prettier-config-1.0.2.tgz#dde400906027e974b35e1987c70a5b529b572fe6"
  integrity sha512-pp4C7YsF52HV8Ltop/6dO9UA1uZ2YZi7qUudK0l2yJcIqaKizJfQ7WeLRXF64YsU+D0unhO6C6UoBc6QSZDwqg==
